
Microsoft Visual Studio Solution File, Format Version 12.00
# Visual Studio 2013
VisualStudioVersion = 12.0.31101.0
MinimumVisualStudioVersion = 10.0.40219.1
Project("{FAE04EC0-301F-11D3-BF4B-00C04F79EFBC}") = "7_14_15_ExperIT_Lab4_ClassesAndObjects", "7_14_15_ExperIT_Lab4_ClassesAndObjects\7_14_15_ExperIT_Lab4_ClassesAndObjects.csproj", "{08300451-BFB0-459B-8D0D-CE74CBDFD6D2}"
EndProject
Global
	GlobalSection(SolutionConfigurationPlatforms) = preSolution
		Debug|Any CPU = Debug|Any CPU
		Release|Any CPU = Release|Any CPU
	EndGlobalSection
	GlobalSection(ProjectConfigurationPlatforms) = postSolution
		{08300451-BFB0-459B-8D0D-CE74CBDFD6D2}.Debug|Any CPU.ActiveCfg = Debug|Any CPU
		{08300451-BFB0-459B-8D0D-CE74CBDFD6D2}.Debug|Any CPU.Build.0 = Debug|Any CPU
		{08300451-BFB0-459B-8D0D-CE74CBDFD6D2}.Release|Any CPU.ActiveCfg = Release|Any CPU
		{08300451-BFB0-459B-8D0D-CE74CBDFD6D2}.Release|Any CPU.Build.0 = Release|Any CPU
	EndGlobalSection
	GlobalSection(SolutionProperties) = preSolution
		HideSolutionNode = FALSE
	EndGlobalSection
EndGlobal
